{
  "requires": true,
  "lockfileVersion": 1,
  "dependencies": {
    "tone": {
      "version": "13.8.29",
      "resolved": "https://registry.npmjs.org/tone/-/tone-13.8.29.tgz",
      "integrity": "sha512-7Lcmd7RhN7hqAO7oo7VRR0sl3MOxH/UisYFgZ/+q2BpiibJATsxIhqxQ5UBcr5+Yvo+Wj+6oIjZJFn84w14hKg=="
    }
  }
}
